
Microsoft Visual Studio Solution File, Format Version 12.00
# Visual Studio Version 17
VisualStudioVersion = 17.8.34330.188
MinimumVisualStudioVersion = 10.0.40219.1
Project("{FAE04EC0-301F-11D3-BF4B-00C04F79EFBC}") = "Area", "Mindbox\Area.csproj", "{B4FDFCE5-9470-4449-BF2B-3357A27C422B}"
EndProject
Project("{FAE04EC0-301F-11D3-BF4B-00C04F79EFBC}") = "UnitTests", "UnitTests\UnitTests.csproj", "{763F4B8B-1697-473D-86BE-946ECE9BCAC3}"
EndProject
Global
	GlobalSection(SolutionConfigurationPlatforms) = preSolution
		Debug|Any CPU = Debug|Any CPU
		Release|Any CPU = Release|Any CPU
	EndGlobalSection
	GlobalSection(ProjectConfigurationPlatforms) = postSolution
		{B4FDFCE5-9470-4449-BF2B-3357A27C422B}.Debug|Any CPU.ActiveCfg = Debug|Any CPU
		{B4FDFCE5-9470-4449-BF2B-3357A27C422B}.Debug|Any CPU.Build.0 = Debug|Any CPU
		{B4FDFCE5-9470-4449-BF2B-3357A27C422B}.Release|Any CPU.ActiveCfg = Release|Any CPU
		{B4FDFCE5-9470-4449-BF2B-3357A27C422B}.Release|Any CPU.Build.0 = Release|Any CPU
		{763F4B8B-1697-473D-86BE-946ECE9BCAC3}.Debug|Any CPU.ActiveCfg = Debug|Any CPU
		{763F4B8B-1697-473D-86BE-946ECE9BCAC3}.Debug|Any CPU.Build.0 = Debug|Any CPU
		{763F4B8B-1697-473D-86BE-946ECE9BCAC3}.Release|Any CPU.ActiveCfg = Release|Any CPU
		{763F4B8B-1697-473D-86BE-946ECE9BCAC3}.Release|Any CPU.Build.0 = Release|Any CPU
	EndGlobalSection
	GlobalSection(SolutionProperties) = preSolution
		HideSolutionNode = FALSE
	EndGlobalSection
	GlobalSection(ExtensibilityGlobals) = postSolution
		SolutionGuid = {AD3C2A51-1CAE-430D-90FA-82AEEDADC08D}
	EndGlobalSection
EndGlobal
